// !$*UTF8*$!
{
	archiveVersion = 1;
	classes = {
	};
	objectVersion = 77;
	objects = {

/* Begin PBXBuildFile section */
		A76685172D8C22BB0097899A /* NetworkStubberPackage in Frameworks */ = {isa = PBXBuildFile; productRef = A76685162D8C22BB0097899A /* NetworkStubberPackage */; };
		A76685392D8C28D20097899A /* NetworkStubberPackage in Frameworks */ = {isa = PBXBuildFile; productRef = A76685382D8C28D20097899A /* NetworkStubberPackage */; };
/* End PBXBuildFile section */

/* Begin PBXContainerItemProxy section */
		A76DDF632D8C1FFD0075B1B2 /* PBXContainerItemProxy */ = {
			isa = PBXContainerItemProxy;
			containerPortal = A76DDF492D8C1FFB0075B1B2 /* Project object */;
			proxyType = 1;
			remoteGlobalIDString = A76DDF502D8C1FFB0075B1B2;
			remoteInfo = NetworkStubberDemo;
		};
		A76DDF6D2D8C1FFD0075B1B2 /* PBXContainerItemProxy */ = {
			isa = PBXContainerItemProxy;
			containerPortal = A76DDF492D8C1FFB0075B1B2 /* Project object */;
			proxyType = 1;
			remoteGlobalIDString = A76DDF502D8C1FFB0075B1B2;
			remoteInfo = NetworkStubberDemo;
		};
/* End PBXContainerItemProxy section */

/* Begin PBXFileReference section */
		A76DDF512D8C1FFB0075B1B2 /* NetworkStubberDemo.app */ = {isa = PBXFileReference; explicitFileType = wrapper.application; includeInIndex = 0; path = NetworkStubberDemo.app; sourceTree = BUILT_PRODUCTS_DIR; };
		A76DDF622D8C1FFD0075B1B2 /* NetworkStubberDemoTests.xctest */ = {isa = PBXFileReference; explicitFileType = wrapper.cfbundle; includeInIndex = 0; path = NetworkStubberDemoTests.xctest; sourceTree = BUILT_PRODUCTS_DIR; };
		A76DDF6C2D8C1FFD0075B1B2 /* NetworkStubberDemoUITests.xctest */ = {isa = PBXFileReference; explicitFileType = wrapper.cfbundle; includeInIndex = 0; path = NetworkStubberDemoUITests.xctest; sourceTree = BUILT_PRODUCTS_DIR; };
/* End PBXFileReference section */

/* Begin PBXFileSystemSynchronizedRootGroup section */
		A76DDF532D8C1FFB0075B1B2 /* NetworkStubberDemo */ = {
			isa = PBXFileSystemSynchronizedRootGroup;
			path = NetworkStubberDemo;
			sourceTree = "<group>";
		};
		A76DDF652D8C1FFD0075B1B2 /* NetworkStubberDemoTests */ = {
			isa = PBXFileSystemSynchronizedRootGroup;
			path = NetworkStubberDemoTests;
			sourceTree = "<group>";
		};
		A76DDF6F2D8C1FFD0075B1B2 /* NetworkStubberDemoUITests */ = {
			isa = PBXFileSystemSynchronizedRootGroup;
			path = NetworkStubberDemoUITests;
			sourceTree = "<group>";
		};
/* End PBXFileSystemSynchronizedRootGroup section */

/* Begin PBXFrameworksBuildPhase section */
		A76DDF4E2D8C1FFB0075B1B2 /* Frameworks */ = {
			isa = PBXFrameworksBuildPhase;
			buildActionMask = 2147483647;
			files = (
				A76685392D8C28D20097899A /* NetworkStubberPackage in Frameworks */,
				A76685172D8C22BB0097899A /* NetworkStubberPackage in Frameworks */,
			);
			runOnlyForDeploymentPostprocessing = 0;
		};
		A76DDF5F2D8C1FFD0075B1B2 /* Frameworks */ = {
			isa = PBXFrameworksBuildPhase;
			buildActionMask = 2147483647;
			files = (
			);
			runOnlyForDeploymentPostprocessing = 0;
		};
		A76DDF692D8C1FFD0075B1B2 /* Frameworks */ = {
			isa = PBXFrameworksBuildPhase;
			buildActionMask = 2147483647;
			files = (
			);
			runOnlyForDeploymentPostprocessing = 0;
		};
/* End PBXFrameworksBuildPhase section */

/* Begin PBXGroup section */
		A76685122D8C22300097899A /* Frameworks */ = {
			isa = PBXGroup;
			children = (
			);
			name = Frameworks;
			sourceTree = "<group>";
		};
		A76DDF482D8C1FFB0075B1B2 = {
			isa = PBXGroup;
			children = (
				A76DDF532D8C1FFB0075B1B2 /* NetworkStubberDemo */,
				A76DDF652D8C1FFD0075B1B2 /* NetworkStubberDemoTests */,
				A76DDF6F2D8C1FFD0075B1B2 /* NetworkStubberDemoUITests */,
				A76685122D8C22300097899A /* Frameworks */,
				A76DDF522D8C1FFB0075B1B2 /* Products */,
			);
			sourceTree = "<group>";
		};
		A76DDF522D8C1FFB0075B1B2 /* Products */ = {
			isa = PBXGroup;
			children = (
				A76DDF512D8C1FFB0075B1B2 /* NetworkStubberDemo.app */,
				A76DDF622D8C1FFD0075B1B2 /* NetworkStubberDemoTests.xctest */,
				A76DDF6C2D8C1FFD0075B1B2 /* NetworkStubberDemoUITests.xctest */,
			);
			name = Products;
			sourceTree = "<group>";
		};
/* End PBXGroup section */

/* Begin PBXNativeTarget section */
		A76DDF502D8C1FFB0075B1B2 /* NetworkStubberDemo */ = {
			isa = PBXNativeTarget;
			buildConfigurationList = A76DDF762D8C1FFD0075B1B2 /* Build configuration list for PBXNativeTarget "NetworkStubberDemo" */;
			buildPhases = (
				A76DDF4D2D8C1FFB0075B1B2 /* Sources */,
				A76DDF4E2D8C1FFB0075B1B2 /* Frameworks */,
				A76DDF4F2D8C1FFB0075B1B2 /* Resources */,
			);
			buildRules = (
			);
			dependencies = (
			);
			fileSystemSynchronizedGroups = (
				A76DDF532D8C1FFB0075B1B2 /* NetworkStubberDemo */,
			);
			name = NetworkStubberDemo;
			packageProductDependencies = (
				A76685162D8C22BB0097899A /* NetworkStubberPackage */,
				A76685382D8C28D20097899A /* NetworkStubberPackage */,
			);
			productName = NetworkStubberDemo;
			productReference = A76DDF512D8C1FFB0075B1B2 /* NetworkStubberDemo.app */;
			productType = "com.apple.product-type.application";
		};
		A76DDF612D8C1FFD0075B1B2 /* NetworkStubberDemoTests */ = {
			isa = PBXNativeTarget;
			buildConfigurationList = A76DDF792D8C1FFD0075B1B2 /* Build configuration list for PBXNativeTarget "NetworkStubberDemoTests" */;
			buildPhases = (
				A76DDF5E2D8C1FFD0075B1B2 /* Sources */,
				A76DDF5F2D8C1FFD0075B1B2 /* Frameworks */,
				A76DDF602D8C1FFD0075B1B2 /* Resources */,
			);
			buildRules = (
			);
			dependencies = (
				A76DDF642D8C1FFD0075B1B2 /* PBXTargetDependency */,
			);
			fileSystemSynchronizedGroups = (
				A76DDF652D8C1FFD0075B1B2 /* NetworkStubberDemoTests */,
			);
			name = NetworkStubberDemoTests;
			packageProductDependencies = (
			);
			productName = NetworkStubberDemoTests;
			productReference = A76DDF622D8C1FFD0075B1B2 /* NetworkStubberDemoTests.xctest */;
			productType = "com.apple.product-type.bundle.unit-test";
		};
		A76DDF6B2D8C1FFD0075B1B2 /* NetworkStubberDemoUITests */ = {
			isa = PBXNativeTarget;
			buildConfigurationList = A76DDF7C2D8C1FFD0075B1B2 /* Build configuration list for PBXNativeTarget "NetworkStubberDemoUITests" */;
			buildPhases = (
				A76DDF682D8C1FFD0075B1B2 /* Sources */,
				A76DDF692D8C1FFD0075B1B2 /* Frameworks */,
				A76DDF6A2D8C1FFD0075B1B2 /* Resources */,
			);
			buildRules = (
			);
			dependencies = (
				A76DDF6E2D8C1FFD0075B1B2 /* PBXTargetDependency */,
			);
			fileSystemSynchronizedGroups = (
				A76DDF6F2D8C1FFD0075B1B2 /* NetworkStubberDemoUITests */,
			);
			name = NetworkStubberDemoUITests;
			packageProductDependencies = (
			);
			productName = NetworkStubberDemoUITests;
			productReference = A76DDF6C2D8C1FFD0075B1B2 /* NetworkStubberDemoUITests.xctest */;
			productType = "com.apple.product-type.bundle.ui-testing";
		};
/* End PBXNativeTarget section */

/* Begin PBXProject section */
		A76DDF492D8C1FFB0075B1B2 /* Project object */ = {
			isa = PBXProject;
			attributes = {
				BuildIndependentTargetsInParallel = 1;
				LastSwiftUpdateCheck = 1620;
				LastUpgradeCheck = 1620;
				TargetAttributes = {
					A76DDF502D8C1FFB0075B1B2 = {
						CreatedOnToolsVersion = 16.2;
					};
					A76DDF612D8C1FFD0075B1B2 = {
						CreatedOnToolsVersion = 16.2;
						TestTargetID = A76DDF502D8C1FFB0075B1B2;
					};
					A76DDF6B2D8C1FFD0075B1B2 = {
						CreatedOnToolsVersion = 16.2;
						TestTargetID = A76DDF502D8C1FFB0075B1B2;
					};
				};
			};
			buildConfigurationList = A76DDF4C2D8C1FFB0075B1B2 /* Build configuration list for PBXProject "NetworkStubberDemo" */;
			developmentRegion = en;
			hasScannedForEncodings = 0;
			knownRegions = (
				en,
				Base,
			);
			mainGroup = A76DDF482D8C1FFB0075B1B2;
			minimizedProjectReferenceProxies = 1;
			packageReferences = (
				A76685372D8C28D20097899A /* XCRemoteSwiftPackageReference "NetworkStubber" */,
			);
			preferredProjectObjectVersion = 77;
			productRefGroup = A76DDF522D8C1FFB0075B1B2 /* Products */;
			projectDirPath = "";
			projectRoot = "";
			targets = (
				A76DDF502D8C1FFB0075B1B2 /* NetworkStubberDemo */,
				A76DDF612D8C1FFD0075B1B2 /* NetworkStubberDemoTests */,
				A76DDF6B2D8C1FFD0075B1B2 /* NetworkStubberDemoUITests */,
			);
		};
/* End PBXProject section */

/* Begin PBXResourcesBuildPhase section */
		A76DDF4F2D8C1FFB0075B1B2 /* Resources */ = {
			isa = PBXResourcesBuildPhase;
			buildActionMask = 2147483647;
			files = (
			);
			runOnlyForDeploymentPostprocessing = 0;
		};
		A76DDF602D8C1FFD0075B1B2 /* Resources */ = {
			isa = PBXResourcesBuildPhase;
			buildActionMask = 2147483647;
			files = (
			);
			runOnlyForDeploymentPostprocessing = 0;
		};
		A76DDF6A2D8C1FFD0075B1B2 /* Resources */ = {
			isa = PBXResourcesBuildPhase;
			buildActionMask = 2147483647;
			files = (
			);
			runOnlyForDeploymentPostprocessing = 0;
		};
/* End PBXResourcesBuildPhase section */

/* Begin PBXSourcesBuildPhase section */
		A76DDF4D2D8C1FFB0075B1B2 /* Sources */ = {
			isa = PBXSourcesBuildPhase;
			buildActionMask = 2147483647;
			files = (
			);
			runOnlyForDeploymentPostprocessing = 0;
		};
		A76DDF5E2D8C1FFD0075B1B2 /* Sources */ = {
			isa = PBXSourcesBuildPhase;
			buildActionMask = 2147483647;
			files = (
			);
			runOnlyForDeploymentPostprocessing = 0;
		};
		A76DDF682D8C1FFD0075B1B2 /* Sources */ = {
			isa = PBXSourcesBuildPhase;
			buildActionMask = 2147483647;
			files = (
			);
			runOnlyForDeploymentPostprocessing = 0;
		};
/* End PBXSourcesBuildPhase section */

/* Begin PBXTargetDependency section */
		A76DDF642D8C1FFD0075B1B2 /* PBXTargetDependency */ = {
			isa = PBXTargetDependency;
			target = A76DDF502D8C1FFB0075B1B2 /* NetworkStubberDemo */;
			targetProxy = A76DDF632D8C1FFD0075B1B2 /* PBXContainerItemProxy */;
		};
		A76DDF6E2D8C1FFD0075B1B2 /* PBXTargetDependency */ = {
			isa = PBXTargetDependency;
			target = A76DDF502D8C1FFB0075B1B2 /* NetworkStubberDemo */;
			targetProxy = A76DDF6D2D8C1FFD0075B1B2 /* PBXContainerItemProxy */;
		};
/* End PBXTargetDependency section */

/* Begin XCBuildConfiguration section */
		A76DDF742D8C1FFD0075B1B2 /* Debug */ = {
			isa = XCBuildConfiguration;
			buildSettings = {
				ALWAYS_SEARCH_USER_PATHS = NO;
				ASSETCATALOG_COMPILER_GENERATE_SWIFT_ASSET_SYMBOL_EXTENSIONS = YES;
				CLANG_ANALYZER_NONNULL = YES;
				CLANG_ANALYZER_NUMBER_OBJECT_CONVERSION = YES_AGGRESSIVE;
				CLANG_CXX_LANGUAGE_STANDARD = "gnu++20";
				CLANG_ENABLE_MODULES = YES;
				CLANG_ENABLE_OBJC_ARC = YES;
				CLANG_ENABLE_OBJC_WEAK = YES;
				CLANG_WARN_BLOCK_CAPTURE_AUTORELEASING = YES;
				CLANG_WARN_BOOL_CONVERSION = YES;
				CLANG_WARN_COMMA = YES;
				CLANG_WARN_CONSTANT_CONVERSION = YES;
				CLANG_WARN_DEPRECATED_OBJC_IMPLEMENTATIONS = YES;
				CLANG_WARN_DIRECT_OBJC_ISA_USAGE = YES_ERROR;
				CLANG_WARN_DOCUMENTATION_COMMENTS = YES;
				CLANG_WARN_EMPTY_BODY = YES;
				CLANG_WARN_ENUM_CONVERSION = YES;
				CLANG_WARN_INFINITE_RECURSION = YES;
				CLANG_WARN_INT_CONVERSION = YES;
				CLANG_WARN_NON_LITERAL_NULL_CONVERSION = YES;
				CLANG_WARN_OBJC_IMPLICIT_RETAIN_SELF = YES;
				CLANG_WARN_OBJC_LITERAL_CONVERSION = YES;
				CLANG_WARN_OBJC_ROOT_CLASS = YES_ERROR;
				CLANG_WARN_QUOTED_INCLUDE_IN_FRAMEWORK_HEADER = YES;
				CLANG_WARN_RANGE_LOOP_ANALYSIS = YES;
				CLANG_WARN_STRICT_PROTOTYPES = YES;
				CLANG_WARN_SUSPICIOUS_MOVE = YES;
				CLANG_WARN_UNGUARDED_AVAILABILITY = YES_AGGRESSIVE;
				CLANG_WARN_UNREACHABLE_CODE = YES;
				CLANG_WARN__DUPLICATE_METHOD_MATCH = YES;
				COPY_PHASE_STRIP = NO;
				DEBUG_INFORMATION_FORMAT = dwarf;
				ENABLE_STRICT_OBJC_MSGSEND = YES;
				ENABLE_TESTABILITY = YES;
				ENABLE_USER_SCRIPT_SANDBOXING = YES;
				GCC_C_LANGUAGE_STANDARD = gnu17;
				GCC_DYNAMIC_NO_PIC = NO;
				GCC_NO_COMMON_BLOCKS = YES;
				GCC_OPTIMIZATION_LEVEL = 0;
				GCC_PREPROCESSOR_DEFINITIONS = (
					"DEBUG=1",
					"$(inherited)",
				);
				GCC_WARN_64_TO_32_BIT_CONVERSION = YES;
				GCC_WARN_ABOUT_RETURN_TYPE = YES_ERROR;
				GCC_WARN_UNDECLARED_SELECTOR = YES;
				GCC_WARN_UNINITIALIZED_AUTOS = YES_AGGRESSIVE;
				GCC_WARN_UNUSED_FUNCTION = YES;
				GCC_WARN_UNUSED_VARIABLE = YES;
				LOCALIZATION_PREFERS_STRING_CATALOGS = YES;
				MTL_ENABLE_DEBUG_INFO = INCLUDE_SOURCE;
				MTL_FAST_MATH = YES;
				ONLY_ACTIVE_ARCH = YES;
				SWIFT_ACTIVE_COMPILATION_CONDITIONS = "DEBUG $(inherited)";
				SWIFT_OPTIMIZATION_LEVEL = "-Onone";
			};
			name = Debug;
		};
		A76DDF752D8C1FFD0075B1B2 /* Release */ = {
			isa = XCBuildConfiguration;
			buildSettings = {
				ALWAYS_SEARCH_USER_PATHS = NO;
				ASSETCATALOG_COMPILER_GENERATE_SWIFT_ASSET_SYMBOL_EXTENSIONS = YES;
				CLANG_ANALYZER_NONNULL = YES;
				CLANG_ANALYZER_NUMBER_OBJECT_CONVERSION = YES_AGGRESSIVE;
				CLANG_CXX_LANGUAGE_STANDARD = "gnu++20";
				CLANG_ENABLE_MODULES = YES;
				CLANG_ENABLE_OBJC_ARC = YES;
				CLANG_ENABLE_OBJC_WEAK = YES;
				CLANG_WARN_BLOCK_CAPTURE_AUTORELEASING = YES;
				CLANG_WARN_BOOL_CONVERSION = YES;
				CLANG_WARN_COMMA = YES;
				CLANG_WARN_CONSTANT_CONVERSION = YES;
				CLANG_WARN_DEPRECATED_OBJC_IMPLEMENTATIONS = YES;
				CLANG_WARN_DIRECT_OBJC_ISA_USAGE = YES_ERROR;
				CLANG_WARN_DOCUMENTATION_COMMENTS = YES;
				CLANG_WARN_EMPTY_BODY = YES;
				CLANG_WARN_ENUM_CONVERSION = YES;
				CLANG_WARN_INFINITE_RECURSION = YES;
				CLANG_WARN_INT_CONVERSION = YES;
				CLANG_WARN_NON_LITERAL_NULL_CONVERSION = YES;
				CLANG_WARN_OBJC_IMPLICIT_RETAIN_SELF = YES;
				CLANG_WARN_OBJC_LITERAL_CONVERSION = YES;
				CLANG_WARN_OBJC_ROOT_CLASS = YES_ERROR;
				CLANG_WARN_QUOTED_INCLUDE_IN_FRAMEWORK_HEADER = YES;
				CLANG_WARN_RANGE_LOOP_ANALYSIS = YES;
				CLANG_WARN_STRICT_PROTOTYPES = YES;
				CLANG_WARN_SUSPICIOUS_MOVE = YES;
				CLANG_WARN_UNGUARDED_AVAILABILITY = YES_AGGRESSIVE;
				CLANG_WARN_UNREACHABLE_CODE = YES;
				CLANG_WARN__DUPLICATE_METHOD_MATCH = YES;
				COPY_PHASE_STRIP = NO;
				DEBUG_INFORMATION_FORMAT = "dwarf-with-dsym";
				ENABLE_NS_ASSERTIONS = NO;
				ENABLE_STRICT_OBJC_MSGSEND = YES;
				ENABLE_USER_SCRIPT_SANDBOXING = YES;
				GCC_C_LANGUAGE_STANDARD = gnu17;
				GCC_NO_COMMON_BLOCKS = YES;
				GCC_WARN_64_TO_32_BIT_CONVERSION = YES;
				GCC_WARN_ABOUT_RETURN_TYPE = YES_ERROR;
				GCC_WARN_UNDECLARED_SELECTOR = YES;
				GCC_WARN_UNINITIALIZED_AUTOS = YES_AGGRESSIVE;
				GCC_WARN_UNUSED_FUNCTION = YES;
				GCC_WARN_UNUSED_VARIABLE = YES;
				LOCALIZATION_PREFERS_STRING_CATALOGS = YES;
				MTL_ENABLE_DEBUG_INFO = NO;
				MTL_FAST_MATH = YES;
				SWIFT_COMPILATION_MODE = wholemodule;
			};
			name = Release;
		};
		A76DDF772D8C1FFD0075B1B2 /* Debug */ = {
			isa = XCBuildConfiguration;
			buildSettings = {
				ASSETCATALOG_COMPILER_APPICON_NAME = AppIcon;
				ASSETCATALOG_COMPILER_GLOBAL_ACCENT_COLOR_NAME = AccentColor;
				CODE_SIGN_ENTITLEMENTS = NetworkStubberDemo/NetworkStubberDemo.entitlements;
				CODE_SIGN_STYLE = Automatic;
				CURRENT_PROJECT_VERSION = 1;
				DEVELOPMENT_ASSET_PATHS = "\"NetworkStubberDemo/Preview Content\"";
				DEVELOPMENT_TEAM = YY5Y5N88U4;
				ENABLE_HARDENED_RUNTIME = YES;
				ENABLE_PREVIEWS = YES;
				ENABLE_TESTING_SEARCH_PATHS = YES;
				ENABLE_USER_SCRIPT_SANDBOXING = NO;
				GENERATE_INFOPLIST_FILE = YES;
				"INFOPLIST_KEY_UIApplicationSceneManifest_Generation[sdk=iphoneos*]" = YES;
				"INFOPLIST_KEY_UIApplicationSceneManifest_Generation[sdk=iphonesimulator*]" = YES;
				"INFOPLIST_KEY_UIApplicationSupportsIndirectInputEvents[sdk=iphoneos*]" = YES;
				"INFOPLIST_KEY_UIApplicationSupportsIndirectInputEvents[sdk=iphonesimulator*]" = YES;
				"INFOPLIST_KEY_UILaunchScreen_Generation[sdk=iphoneos*]" = YES;
				"INFOPLIST_KEY_UILaunchScreen_Generation[sdk=iphonesimulator*]" = YES;
				"INFOPLIST_KEY_UIStatusBarStyle[sdk=iphoneos*]" = UIStatusBarStyleDefault;
				"INFOPLIST_KEY_UIStatusBarStyle[sdk=iphonesimulator*]" = UIStatusBarStyleDefault;
				INFOPLIST_KEY_UISupportedInterfaceOrientations_iPad = "UIInterfaceOrientationPortrait UIInterfaceOrientationPortraitUpsideDown UIInterfaceOrientationLandscapeLeft UIInterfaceOrientationLandscapeRight";
				INFOPLIST_KEY_UISupportedInterfaceOrientations_iPhone = "UIInterfaceOrientationPortrait UIInterfaceOrientationLandscapeLeft UIInterfaceOrientationLandscapeRight";
				IPHONEOS_DEPLOYMENT_TARGET = 16.6;
				LD_RUNPATH_SEARCH_PATHS = "@executable_path/Frameworks";
				"LD_RUNPATH_SEARCH_PATHS[sdk=macosx*]" = "@executable_path/../Frameworks";
				MACOSX_DEPLOYMENT_TARGET = 15.2;
				MARKETING_VERSION = 1.0;
				PRODUCT_BUNDLE_IDENTIFIER = "co.uk.blackMirrorz-stubber.NetworkStubberDemo";
				PRODUCT_NAME = "$(TARGET_NAME)";
				SDKROOT = auto;
				SUPPORTED_PLATFORMS = "iphoneos iphonesimulator";
				SUPPORTS_MACCATALYST = NO;
				SWIFT_EMIT_LOC_STRINGS = YES;
				SWIFT_VERSION = 5.0;
				TARGETED_DEVICE_FAMILY = "1,2";
				XROS_DEPLOYMENT_TARGET = 2.2;
			};
			name = Debug;
		};
		A76DDF782D8C1FFD0075B1B2 /* Release */ = {
			isa = XCBuildConfiguration;
			buildSettings = {
				ASSETCATALOG_COMPILER_APPICON_NAME = AppIcon;
				ASSETCATALOG_COMPILER_GLOBAL_ACCENT_COLOR_NAME = AccentColor;
				CODE_SIGN_ENTITLEMENTS = NetworkStubberDemo/NetworkStubberDemo.entitlements;
				CODE_SIGN_STYLE = Automatic;
				CURRENT_PROJECT_VERSION = 1;
				DEVELOPMENT_ASSET_PATHS = "\"NetworkStubberDemo/Preview Content\"";
				DEVELOPMENT_TEAM = YY5Y5N88U4;
				ENABLE_HARDENED_RUNTIME = YES;
				ENABLE_PREVIEWS = YES;
				ENABLE_TESTING_SEARCH_PATHS = YES;
				ENABLE_USER_SCRIPT_SANDBOXING = NO;
				GENERATE_INFOPLIST_FILE = YES;
				"INFOPLIST_KEY_UIApplicationSceneManifest_Generation[sdk=iphoneos*]" = YES;
				"INFOPLIST_KEY_UIApplicationSceneManifest_Generation[sdk=iphonesimulator*]" = YES;
				"INFOPLIST_KEY_UIApplicationSupportsIndirectInputEvents[sdk=iphoneos*]" = YES;
				"INFOPLIST_KEY_UIApplicationSupportsIndirectInputEvents[sdk=iphonesimulator*]" = YES;
				"INFOPLIST_KEY_UILaunchScreen_Generation[sdk=iphoneos*]" = YES;
				"INFOPLIST_KEY_UILaunchScreen_Generation[sdk=iphonesimulator*]" = YES;
				"INFOPLIST_KEY_UIStatusBarStyle[sdk=iphoneos*]" = UIStatusBarStyleDefault;
				"INFOPLIST_KEY_UIStatusBarStyle[sdk=iphonesimulator*]" = UIStatusBarStyleDefault;
				INFOPLIST_KEY_UISupportedInterfaceOrientations_iPad = "UIInterfaceOrientationPortrait UIInterfaceOrientationPortraitUpsideDown UIInterfaceOrientationLandscapeLeft UIInterfaceOrientationLandscapeRight";
				INFOPLIST_KEY_UISupportedInterfaceOrientations_iPhone = "UIInterfaceOrientationPortrait UIInterfaceOrientationLandscapeLeft UIInterfaceOrientationLandscapeRight";
				IPHONEOS_DEPLOYMENT_TARGET = 16.6;
				LD_RUNPATH_SEARCH_PATHS = "@executable_path/Frameworks";
				"LD_RUNPATH_SEARCH_PATHS[sdk=macosx*]" = "@executable_path/../Frameworks";
				MACOSX_DEPLOYMENT_TARGET = 15.2;
				MARKETING_VERSION = 1.0;
				PRODUCT_BUNDLE_IDENTIFIER = "co.uk.blackMirrorz-stubber.NetworkStubberDemo";
				PRODUCT_NAME = "$(TARGET_NAME)";
				SDKROOT = auto;
				SUPPORTED_PLATFORMS = "iphoneos iphonesimulator";
				SUPPORTS_MACCATALYST = NO;
				SWIFT_EMIT_LOC_STRINGS = YES;
				SWIFT_VERSION = 5.0;
				TARGETED_DEVICE_FAMILY = "1,2";
				XROS_DEPLOYMENT_TARGET = 2.2;
			};
			name = Release;
		};
		A76DDF7A2D8C1FFD0075B1B2 /* Debug */ = {
			isa = XCBuildConfiguration;
			buildSettings = {
				BUNDLE_LOADER = "$(TEST_HOST)";
				CODE_SIGN_STYLE = Automatic;
				CURRENT_PROJECT_VERSION = 1;
				DEVELOPMENT_TEAM = YY5Y5N88U4;
				GENERATE_INFOPLIST_FILE = YES;
				IPHONEOS_DEPLOYMENT_TARGET = 16.6;
				MACOSX_DEPLOYMENT_TARGET = 15.2;
				MARKETING_VERSION = 1.0;
				PRODUCT_BUNDLE_IDENTIFIER = "co.uk.blackMirrorz-stubber.NetworkStubberDemoTests";
				PRODUCT_NAME = "$(TARGET_NAME)";
				SDKROOT = auto;
				SUPPORTED_PLATFORMS = "iphoneos iphonesimulator";
				SUPPORTS_MACCATALYST = NO;
				SWIFT_EMIT_LOC_STRINGS = NO;
				SWIFT_VERSION = 5.0;
				TARGETED_DEVICE_FAMILY = "1,2";
				TEST_HOST = "$(BUILT_PRODUCTS_DIR)/NetworkStubberDemo.app/$(BUNDLE_EXECUTABLE_FOLDER_PATH)/NetworkStubberDemo";
				XROS_DEPLOYMENT_TARGET = 2.2;
			};
			name = Debug;
		};
		A76DDF7B2D8C1FFD0075B1B2 /* Release */ = {
			isa = XCBuildConfiguration;
			buildSettings = {
				BUNDLE_LOADER = "$(TEST_HOST)";
				CODE_SIGN_STYLE = Automatic;
				CURRENT_PROJECT_VERSION = 1;
				DEVELOPMENT_TEAM = YY5Y5N88U4;
				GENERATE_INFOPLIST_FILE = YES;
				IPHONEOS_DEPLOYMENT_TARGET = 16.6;
				MACOSX_DEPLOYMENT_TARGET = 15.2;
				MARKETING_VERSION = 1.0;
				PRODUCT_BUNDLE_IDENTIFIER = "co.uk.blackMirrorz-stubber.NetworkStubberDemoTests";
				PRODUCT_NAME = "$(TARGET_NAME)";
				SDKROOT = auto;
				SUPPORTED_PLATFORMS = "iphoneos iphonesimulator";
				SUPPORTS_MACCATALYST = NO;
				SWIFT_EMIT_LOC_STRINGS = NO;
				SWIFT_VERSION = 5.0;
				TARGETED_DEVICE_FAMILY = "1,2";
				TEST_HOST = "$(BUILT_PRODUCTS_DIR)/NetworkStubberDemo.app/$(BUNDLE_EXECUTABLE_FOLDER_PATH)/NetworkStubberDemo";
				XROS_DEPLOYMENT_TARGET = 2.2;
			};
			name = Release;
		};
		A76DDF7D2D8C1FFD0075B1B2 /* Debug */ = {
			isa = XCBuildConfiguration;
			buildSettings = {
				CODE_SIGN_STYLE = Automatic;
				CURRENT_PROJECT_VERSION = 1;
				DEVELOPMENT_TEAM = YY5Y5N88U4;
				GENERATE_INFOPLIST_FILE = YES;
				IPHONEOS_DEPLOYMENT_TARGET = 16.6;
				MACOSX_DEPLOYMENT_TARGET = 15.2;
				MARKETING_VERSION = 1.0;
				PRODUCT_BUNDLE_IDENTIFIER = "co.uk.blackMirrorz-stubber.NetworkStubberDemoUITests";
				PRODUCT_NAME = "$(TARGET_NAME)";
				SDKROOT = auto;
				SUPPORTED_PLATFORMS = "iphoneos iphonesimulator";
				SUPPORTS_MACCATALYST = NO;
				SWIFT_EMIT_LOC_STRINGS = NO;
				SWIFT_VERSION = 5.0;
				TARGETED_DEVICE_FAMILY = "1,2";
				TEST_TARGET_NAME = NetworkStubberDemo;
				XROS_DEPLOYMENT_TARGET = 2.2;
			};
			name = Debug;
		};
		A76DDF7E2D8C1FFD0075B1B2 /* Release */ = {
			isa = XCBuildConfiguration;
			buildSettings = {
				CODE_SIGN_STYLE = Automatic;
				CURRENT_PROJECT_VERSION = 1;
				DEVELOPMENT_TEAM = YY5Y5N88U4;
				GENERATE_INFOPLIST_FILE = YES;
				IPHONEOS_DEPLOYMENT_TARGET = 16.6;
				MACOSX_DEPLOYMENT_TARGET = 15.2;
				MARKETING_VERSION = 1.0;
				PRODUCT_BUNDLE_IDENTIFIER = "co.uk.blackMirrorz-stubber.NetworkStubberDemoUITests";
				PRODUCT_NAME = "$(TARGET_NAME)";
				SDKROOT = auto;
				SUPPORTED_PLATFORMS = "iphoneos iphonesimulator";
				SUPPORTS_MACCATALYST = NO;
				SWIFT_EMIT_LOC_STRINGS = NO;
				SWIFT_VERSION = 5.0;
				TARGETED_DEVICE_FAMILY = "1,2";
				TEST_TARGET_NAME = NetworkStubberDemo;
				XROS_DEPLOYMENT_TARGET = 2.2;
			};
			name = Release;
		};
/* End XCBuildConfiguration section */

/* Begin XCConfigurationList section */
		A76DDF4C2D8C1FFB0075B1B2 /* Build configuration list for PBXProject "NetworkStubberDemo" */ = {
			isa = XCConfigurationList;
			buildConfigurations = (
				A76DDF742D8C1FFD0075B1B2 /* Debug */,
				A76DDF752D8C1FFD0075B1B2 /* Release */,
			);
			defaultConfigurationIsVisible = 0;
			defaultConfigurationName = Release;
		};
		A76DDF762D8C1FFD0075B1B2 /* Build configuration list for PBXNativeTarget "NetworkStubberDemo" */ = {
			isa = XCConfigurationList;
			buildConfigurations = (
				A76DDF772D8C1FFD0075B1B2 /* Debug */,
				A76DDF782D8C1FFD0075B1B2 /* Release */,
			);
			defaultConfigurationIsVisible = 0;
			defaultConfigurationName = Release;
		};
		A76DDF792D8C1FFD0075B1B2 /* Build configuration list for PBXNativeTarget "NetworkStubberDemoTests" */ = {
			isa = XCConfigurationList;
			buildConfigurations = (
				A76DDF7A2D8C1FFD0075B1B2 /* Debug */,
				A76DDF7B2D8C1FFD0075B1B2 /* Release */,
			);
			defaultConfigurationIsVisible = 0;
			defaultConfigurationName = Release;
		};
		A76DDF7C2D8C1FFD0075B1B2 /* Build configuration list for PBXNativeTarget "NetworkStubberDemoUITests" */ = {
			isa = XCConfigurationList;
			buildConfigurations = (
				A76DDF7D2D8C1FFD0075B1B2 /* Debug */,
				A76DDF7E2D8C1FFD0075B1B2 /* Release */,
			);
			defaultConfigurationIsVisible = 0;
			defaultConfigurationName = Release;
		};
/* End XCConfigurationList section */

/* Begin XCRemoteSwiftPackageReference section */
		A76685372D8C28D20097899A /* XCRemoteSwiftPackageReference "NetworkStubber" */ = {
			isa = XCRemoteSwiftPackageReference;
			repositoryURL = "https://github.com/BlackMirrorz/NetworkStubber";
			requirement = {
				kind = upToNextMajorVersion;
				minimumVersion = 1.0.2;
			};
		};
/* End XCRemoteSwiftPackageReference section */

/* Begin XCSwiftPackageProductDependency section */
		A76685162D8C22BB0097899A /* NetworkStubberPackage */ = {
			isa = XCSwiftPackageProductDependency;
			productName = NetworkStubberPackage;
		};
		A76685382D8C28D20097899A /* NetworkStubberPackage */ = {
			isa = XCSwiftPackageProductDependency;
			package = A76685372D8C28D20097899A /* XCRemoteSwiftPackageReference "NetworkStubber" */;
			productName = NetworkStubberPackage;
		};
/* End XCSwiftPackageProductDependency section */
	};
	rootObject = A76DDF492D8C1FFB0075B1B2 /* Project object */;
}
