// !$*UTF8*$!
{
	archiveVersion = 1;
	classes = {
	};
	objectVersion = 77;
	objects = {

/* Begin PBXBuildFile section */
		A7DA5CA42D8C2CEA002294B4 /* NetworkStubberPackage in Frameworks */ = {isa = PBXBuildFile; productRef = A7DA5CA32D8C2CEA002294B4 /* NetworkStubberPackage */; };
		A7DA5CA72D8C2D58002294B4 /* NetworkStubberPackage in Frameworks */ = {isa = PBXBuildFile; productRef = A7DA5CA62D8C2D58002294B4 /* NetworkStubberPackage */; };
/* End PBXBuildFile section */

/* Begin PBXContainerItemProxy section */
		A7DA5C862D8C2C9C002294B4 /* PBXContainerItemProxy */ = {
			isa = PBXContainerItemProxy;
			containerPortal = A7DA5C6C2D8C2C9B002294B4 /* Project object */;
			proxyType = 1;
			remoteGlobalIDString = A7DA5C732D8C2C9B002294B4;
			remoteInfo = NetworkStubberDemo;
		};
		A7DA5C902D8C2C9C002294B4 /* PBXContainerItemProxy */ = {
			isa = PBXContainerItemProxy;
			containerPortal = A7DA5C6C2D8C2C9B002294B4 /* Project object */;
			proxyType = 1;
			remoteGlobalIDString = A7DA5C732D8C2C9B002294B4;
			remoteInfo = NetworkStubberDemo;
		};
/* End PBXContainerItemProxy section */

/* Begin PBXFileReference section */
		A7DA5C742D8C2C9B002294B4 /* NetworkStubberDemo.app */ = {isa = PBXFileReference; explicitFileType = wrapper.application; includeInIndex = 0; path = NetworkStubberDemo.app; sourceTree = BUILT_PRODUCTS_DIR; };
		A7DA5C852D8C2C9C002294B4 /* NetworkStubberDemoTests.xctest */ = {isa = PBXFileReference; explicitFileType = wrapper.cfbundle; includeInIndex = 0; path = NetworkStubberDemoTests.xctest; sourceTree = BUILT_PRODUCTS_DIR; };
		A7DA5C8F2D8C2C9C002294B4 /* NetworkStubberDemoUITests.xctest */ = {isa = PBXFileReference; explicitFileType = wrapper.cfbundle; includeInIndex = 0; path = NetworkStubberDemoUITests.xctest; sourceTree = BUILT_PRODUCTS_DIR; };
/* End PBXFileReference section */

/* Begin PBXFileSystemSynchronizedRootGroup section */
		A7DA5C762D8C2C9B002294B4 /* NetworkStubberDemo */ = {
			isa = PBXFileSystemSynchronizedRootGroup;
			path = NetworkStubberDemo;
			sourceTree = "<group>";
		};
		A7DA5C882D8C2C9C002294B4 /* NetworkStubberDemoTests */ = {
			isa = PBXFileSystemSynchronizedRootGroup;
			path = NetworkStubberDemoTests;
			sourceTree = "<group>";
		};
		A7DA5C922D8C2C9C002294B4 /* NetworkStubberDemoUITests */ = {
			isa = PBXFileSystemSynchronizedRootGroup;
			path = NetworkStubberDemoUITests;
			sourceTree = "<group>";
		};
/* End PBXFileSystemSynchronizedRootGroup section */

/* Begin PBXFrameworksBuildPhase section */
		A7DA5C712D8C2C9B002294B4 /* Frameworks */ = {
			isa = PBXFrameworksBuildPhase;
			buildActionMask = 2147483647;
			files = (
				A7DA5CA42D8C2CEA002294B4 /* NetworkStubberPackage in Frameworks */,
			);
			runOnlyForDeploymentPostprocessing = 0;
		};
		A7DA5C822D8C2C9C002294B4 /* Frameworks */ = {
			isa = PBXFrameworksBuildPhase;
			buildActionMask = 2147483647;
			files = (
			);
			runOnlyForDeploymentPostprocessing = 0;
		};
		A7DA5C8C2D8C2C9C002294B4 /* Frameworks */ = {
			isa = PBXFrameworksBuildPhase;
			buildActionMask = 2147483647;
			files = (
				A7DA5CA72D8C2D58002294B4 /* NetworkStubberPackage in Frameworks */,
			);
			runOnlyForDeploymentPostprocessing = 0;
		};
/* End PBXFrameworksBuildPhase section */

/* Begin PBXGroup section */
		A7DA5C6B2D8C2C9B002294B4 = {
			isa = PBXGroup;
			children = (
				A7DA5C762D8C2C9B002294B4 /* NetworkStubberDemo */,
				A7DA5C882D8C2C9C002294B4 /* NetworkStubberDemoTests */,
				A7DA5C922D8C2C9C002294B4 /* NetworkStubberDemoUITests */,
				A7DA5CA52D8C2D58002294B4 /* Frameworks */,
				A7DA5C752D8C2C9B002294B4 /* Products */,
			);
			sourceTree = "<group>";
		};
		A7DA5C752D8C2C9B002294B4 /* Products */ = {
			isa = PBXGroup;
			children = (
				A7DA5C742D8C2C9B002294B4 /* NetworkStubberDemo.app */,
				A7DA5C852D8C2C9C002294B4 /* NetworkStubberDemoTests.xctest */,
				A7DA5C8F2D8C2C9C002294B4 /* NetworkStubberDemoUITests.xctest */,
			);
			name = Products;
			sourceTree = "<group>";
		};
		A7DA5CA52D8C2D58002294B4 /* Frameworks */ = {
			isa = PBXGroup;
			children = (
			);
			name = Frameworks;
			sourceTree = "<group>";
		};
/* End PBXGroup section */

/* Begin PBXNativeTarget section */
		A7DA5C732D8C2C9B002294B4 /* NetworkStubberDemo */ = {
			isa = PBXNativeTarget;
			buildConfigurationList = A7DA5C992D8C2C9C002294B4 /* Build configuration list for PBXNativeTarget "NetworkStubberDemo" */;
			buildPhases = (
				A7DA5C702D8C2C9B002294B4 /* Sources */,
				A7DA5C712D8C2C9B002294B4 /* Frameworks */,
				A7DA5C722D8C2C9B002294B4 /* Resources */,
			);
			buildRules = (
			);
			dependencies = (
			);
			fileSystemSynchronizedGroups = (
				A7DA5C762D8C2C9B002294B4 /* NetworkStubberDemo */,
			);
			name = NetworkStubberDemo;
			packageProductDependencies = (
				A7DA5CA32D8C2CEA002294B4 /* NetworkStubberPackage */,
			);
			productName = NetworkStubberDemo;
			productReference = A7DA5C742D8C2C9B002294B4 /* NetworkStubberDemo.app */;
			productType = "com.apple.product-type.application";
		};
		A7DA5C842D8C2C9C002294B4 /* NetworkStubberDemoTests */ = {
			isa = PBXNativeTarget;
			buildConfigurationList = A7DA5C9C2D8C2C9C002294B4 /* Build configuration list for PBXNativeTarget "NetworkStubberDemoTests" */;
			buildPhases = (
				A7DA5C812D8C2C9C002294B4 /* Sources */,
				A7DA5C822D8C2C9C002294B4 /* Frameworks */,
				A7DA5C832D8C2C9C002294B4 /* Resources */,
			);
			buildRules = (
			);
			dependencies = (
				A7DA5C872D8C2C9C002294B4 /* PBXTargetDependency */,
			);
			fileSystemSynchronizedGroups = (
				A7DA5C882D8C2C9C002294B4 /* NetworkStubberDemoTests */,
			);
			name = NetworkStubberDemoTests;
			packageProductDependencies = (
			);
			productName = NetworkStubberDemoTests;
			productReference = A7DA5C852D8C2C9C002294B4 /* NetworkStubberDemoTests.xctest */;
			productType = "com.apple.product-type.bundle.unit-test";
		};
		A7DA5C8E2D8C2C9C002294B4 /* NetworkStubberDemoUITests */ = {
			isa = PBXNativeTarget;
			buildConfigurationList = A7DA5C9F2D8C2C9C002294B4 /* Build configuration list for PBXNativeTarget "NetworkStubberDemoUITests" */;
			buildPhases = (
				A7DA5C8B2D8C2C9C002294B4 /* Sources */,
				A7DA5C8C2D8C2C9C002294B4 /* Frameworks */,
				A7DA5C8D2D8C2C9C002294B4 /* Resources */,
			);
			buildRules = (
			);
			dependencies = (
				A7DA5C912D8C2C9C002294B4 /* PBXTargetDependency */,
			);
			fileSystemSynchronizedGroups = (
				A7DA5C922D8C2C9C002294B4 /* NetworkStubberDemoUITests */,
			);
			name = NetworkStubberDemoUITests;
			packageProductDependencies = (
				A7DA5CA62D8C2D58002294B4 /* NetworkStubberPackage */,
			);
			productName = NetworkStubberDemoUITests;
			productReference = A7DA5C8F2D8C2C9C002294B4 /* NetworkStubberDemoUITests.xctest */;
			productType = "com.apple.product-type.bundle.ui-testing";
		};
/* End PBXNativeTarget section */

/* Begin PBXProject section */
		A7DA5C6C2D8C2C9B002294B4 /* Project object */ = {
			isa = PBXProject;
			attributes = {
				BuildIndependentTargetsInParallel = 1;
				LastSwiftUpdateCheck = 1620;
				LastUpgradeCheck = 1620;
				TargetAttributes = {
					A7DA5C732D8C2C9B002294B4 = {
						CreatedOnToolsVersion = 16.2;
					};
					A7DA5C842D8C2C9C002294B4 = {
						CreatedOnToolsVersion = 16.2;
						TestTargetID = A7DA5C732D8C2C9B002294B4;
					};
					A7DA5C8E2D8C2C9C002294B4 = {
						CreatedOnToolsVersion = 16.2;
						TestTargetID = A7DA5C732D8C2C9B002294B4;
					};
				};
			};
			buildConfigurationList = A7DA5C6F2D8C2C9B002294B4 /* Build configuration list for PBXProject "NetworkStubberDemo" */;
			developmentRegion = en;
			hasScannedForEncodings = 0;
			knownRegions = (
				en,
				Base,
			);
			mainGroup = A7DA5C6B2D8C2C9B002294B4;
			minimizedProjectReferenceProxies = 1;
			packageReferences = (
				A7DA5CA22D8C2CEA002294B4 /* XCRemoteSwiftPackageReference "NetworkStubber" */,
			);
			preferredProjectObjectVersion = 77;
			productRefGroup = A7DA5C752D8C2C9B002294B4 /* Products */;
			projectDirPath = "";
			projectRoot = "";
			targets = (
				A7DA5C732D8C2C9B002294B4 /* NetworkStubberDemo */,
				A7DA5C842D8C2C9C002294B4 /* NetworkStubberDemoTests */,
				A7DA5C8E2D8C2C9C002294B4 /* NetworkStubberDemoUITests */,
			);
		};
/* End PBXProject section */

/* Begin PBXResourcesBuildPhase section */
		A7DA5C722D8C2C9B002294B4 /* Resources */ = {
			isa = PBXResourcesBuildPhase;
			buildActionMask = 2147483647;
			files = (
			);
			runOnlyForDeploymentPostprocessing = 0;
		};
		A7DA5C832D8C2C9C002294B4 /* Resources */ = {
			isa = PBXResourcesBuildPhase;
			buildActionMask = 2147483647;
			files = (
			);
			runOnlyForDeploymentPostprocessing = 0;
		};
		A7DA5C8D2D8C2C9C002294B4 /* Resources */ = {
			isa = PBXResourcesBuildPhase;
			buildActionMask = 2147483647;
			files = (
			);
			runOnlyForDeploymentPostprocessing = 0;
		};
/* End PBXResourcesBuildPhase section */

/* Begin PBXSourcesBuildPhase section */
		A7DA5C702D8C2C9B002294B4 /* Sources */ = {
			isa = PBXSourcesBuildPhase;
			buildActionMask = 2147483647;
			files = (
			);
			runOnlyForDeploymentPostprocessing = 0;
		};
		A7DA5C812D8C2C9C002294B4 /* Sources */ = {
			isa = PBXSourcesBuildPhase;
			buildActionMask = 2147483647;
			files = (
			);
			runOnlyForDeploymentPostprocessing = 0;
		};
		A7DA5C8B2D8C2C9C002294B4 /* Sources */ = {
			isa = PBXSourcesBuildPhase;
			buildActionMask = 2147483647;
			files = (
			);
			runOnlyForDeploymentPostprocessing = 0;
		};
/* End PBXSourcesBuildPhase section */

/* Begin PBXTargetDependency section */
		A7DA5C872D8C2C9C002294B4 /* PBXTargetDependency */ = {
			isa = PBXTargetDependency;
			target = A7DA5C732D8C2C9B002294B4 /* NetworkStubberDemo */;
			targetProxy = A7DA5C862D8C2C9C002294B4 /* PBXContainerItemProxy */;
		};
		A7DA5C912D8C2C9C002294B4 /* PBXTargetDependency */ = {
			isa = PBXTargetDependency;
			target = A7DA5C732D8C2C9B002294B4 /* NetworkStubberDemo */;
			targetProxy = A7DA5C902D8C2C9C002294B4 /* PBXContainerItemProxy */;
		};
/* End PBXTargetDependency section */

/* Begin XCBuildConfiguration section */
		A7DA5C972D8C2C9C002294B4 /* Debug */ = {
			isa = XCBuildConfiguration;
			buildSettings = {
				ALWAYS_SEARCH_USER_PATHS = NO;
				ASSETCATALOG_COMPILER_GENERATE_SWIFT_ASSET_SYMBOL_EXTENSIONS = YES;
				CLANG_ANALYZER_NONNULL = YES;
				CLANG_ANALYZER_NUMBER_OBJECT_CONVERSION = YES_AGGRESSIVE;
				CLANG_CXX_LANGUAGE_STANDARD = "gnu++20";
				CLANG_ENABLE_MODULES = YES;
				CLANG_ENABLE_OBJC_ARC = YES;
				CLANG_ENABLE_OBJC_WEAK = YES;
				CLANG_WARN_BLOCK_CAPTURE_AUTORELEASING = YES;
				CLANG_WARN_BOOL_CONVERSION = YES;
				CLANG_WARN_COMMA = YES;
				CLANG_WARN_CONSTANT_CONVERSION = YES;
				CLANG_WARN_DEPRECATED_OBJC_IMPLEMENTATIONS = YES;
				CLANG_WARN_DIRECT_OBJC_ISA_USAGE = YES_ERROR;
				CLANG_WARN_DOCUMENTATION_COMMENTS = YES;
				CLANG_WARN_EMPTY_BODY = YES;
				CLANG_WARN_ENUM_CONVERSION = YES;
				CLANG_WARN_INFINITE_RECURSION = YES;
				CLANG_WARN_INT_CONVERSION = YES;
				CLANG_WARN_NON_LITERAL_NULL_CONVERSION = YES;
				CLANG_WARN_OBJC_IMPLICIT_RETAIN_SELF = YES;
				CLANG_WARN_OBJC_LITERAL_CONVERSION = YES;
				CLANG_WARN_OBJC_ROOT_CLASS = YES_ERROR;
				CLANG_WARN_QUOTED_INCLUDE_IN_FRAMEWORK_HEADER = YES;
				CLANG_WARN_RANGE_LOOP_ANALYSIS = YES;
				CLANG_WARN_STRICT_PROTOTYPES = YES;
				CLANG_WARN_SUSPICIOUS_MOVE = YES;
				CLANG_WARN_UNGUARDED_AVAILABILITY = YES_AGGRESSIVE;
				CLANG_WARN_UNREACHABLE_CODE = YES;
				CLANG_WARN__DUPLICATE_METHOD_MATCH = YES;
				COPY_PHASE_STRIP = NO;
				DEBUG_INFORMATION_FORMAT = dwarf;
				ENABLE_STRICT_OBJC_MSGSEND = YES;
				ENABLE_TESTABILITY = YES;
				ENABLE_TESTING_SEARCH_PATHS = YES;
				ENABLE_USER_SCRIPT_SANDBOXING = YES;
				GCC_C_LANGUAGE_STANDARD = gnu17;
				GCC_DYNAMIC_NO_PIC = NO;
				GCC_NO_COMMON_BLOCKS = YES;
				GCC_OPTIMIZATION_LEVEL = 0;
				GCC_PREPROCESSOR_DEFINITIONS = (
					"DEBUG=1",
					"$(inherited)",
				);
				GCC_WARN_64_TO_32_BIT_CONVERSION = YES;
				GCC_WARN_ABOUT_RETURN_TYPE = YES_ERROR;
				GCC_WARN_UNDECLARED_SELECTOR = YES;
				GCC_WARN_UNINITIALIZED_AUTOS = YES_AGGRESSIVE;
				GCC_WARN_UNUSED_FUNCTION = YES;
				GCC_WARN_UNUSED_VARIABLE = YES;
				LOCALIZATION_PREFERS_STRING_CATALOGS = YES;
				MTL_ENABLE_DEBUG_INFO = INCLUDE_SOURCE;
				MTL_FAST_MATH = YES;
				ONLY_ACTIVE_ARCH = YES;
				SWIFT_ACTIVE_COMPILATION_CONDITIONS = "DEBUG $(inherited)";
				SWIFT_OPTIMIZATION_LEVEL = "-Onone";
			};
			name = Debug;
		};
		A7DA5C982D8C2C9C002294B4 /* Release */ = {
			isa = XCBuildConfiguration;
			buildSettings = {
				ALWAYS_SEARCH_USER_PATHS = NO;
				ASSETCATALOG_COMPILER_GENERATE_SWIFT_ASSET_SYMBOL_EXTENSIONS = YES;
				CLANG_ANALYZER_NONNULL = YES;
				CLANG_ANALYZER_NUMBER_OBJECT_CONVERSION = YES_AGGRESSIVE;
				CLANG_CXX_LANGUAGE_STANDARD = "gnu++20";
				CLANG_ENABLE_MODULES = YES;
				CLANG_ENABLE_OBJC_ARC = YES;
				CLANG_ENABLE_OBJC_WEAK = YES;
				CLANG_WARN_BLOCK_CAPTURE_AUTORELEASING = YES;
				CLANG_WARN_BOOL_CONVERSION = YES;
				CLANG_WARN_COMMA = YES;
				CLANG_WARN_CONSTANT_CONVERSION = YES;
				CLANG_WARN_DEPRECATED_OBJC_IMPLEMENTATIONS = YES;
				CLANG_WARN_DIRECT_OBJC_ISA_USAGE = YES_ERROR;
				CLANG_WARN_DOCUMENTATION_COMMENTS = YES;
				CLANG_WARN_EMPTY_BODY = YES;
				CLANG_WARN_ENUM_CONVERSION = YES;
				CLANG_WARN_INFINITE_RECURSION = YES;
				CLANG_WARN_INT_CONVERSION = YES;
				CLANG_WARN_NON_LITERAL_NULL_CONVERSION = YES;
				CLANG_WARN_OBJC_IMPLICIT_RETAIN_SELF = YES;
				CLANG_WARN_OBJC_LITERAL_CONVERSION = YES;
				CLANG_WARN_OBJC_ROOT_CLASS = YES_ERROR;
				CLANG_WARN_QUOTED_INCLUDE_IN_FRAMEWORK_HEADER = YES;
				CLANG_WARN_RANGE_LOOP_ANALYSIS = YES;
				CLANG_WARN_STRICT_PROTOTYPES = YES;
				CLANG_WARN_SUSPICIOUS_MOVE = YES;
				CLANG_WARN_UNGUARDED_AVAILABILITY = YES_AGGRESSIVE;
				CLANG_WARN_UNREACHABLE_CODE = YES;
				CLANG_WARN__DUPLICATE_METHOD_MATCH = YES;
				COPY_PHASE_STRIP = NO;
				DEBUG_INFORMATION_FORMAT = "dwarf-with-dsym";
				ENABLE_NS_ASSERTIONS = NO;
				ENABLE_STRICT_OBJC_MSGSEND = YES;
				ENABLE_TESTING_SEARCH_PATHS = YES;
				ENABLE_USER_SCRIPT_SANDBOXING = YES;
				GCC_C_LANGUAGE_STANDARD = gnu17;
				GCC_NO_COMMON_BLOCKS = YES;
				GCC_WARN_64_TO_32_BIT_CONVERSION = YES;
				GCC_WARN_ABOUT_RETURN_TYPE = YES_ERROR;
				GCC_WARN_UNDECLARED_SELECTOR = YES;
				GCC_WARN_UNINITIALIZED_AUTOS = YES_AGGRESSIVE;
				GCC_WARN_UNUSED_FUNCTION = YES;
				GCC_WARN_UNUSED_VARIABLE = YES;
				LOCALIZATION_PREFERS_STRING_CATALOGS = YES;
				MTL_ENABLE_DEBUG_INFO = NO;
				MTL_FAST_MATH = YES;
				SWIFT_COMPILATION_MODE = wholemodule;
			};
			name = Release;
		};
		A7DA5C9A2D8C2C9C002294B4 /* Debug */ = {
			isa = XCBuildConfiguration;
			buildSettings = {
				ASSETCATALOG_COMPILER_APPICON_NAME = AppIcon;
				ASSETCATALOG_COMPILER_GLOBAL_ACCENT_COLOR_NAME = AccentColor;
				CODE_SIGN_ENTITLEMENTS = NetworkStubberDemo/NetworkStubberDemo.entitlements;
				CODE_SIGN_STYLE = Automatic;
				CURRENT_PROJECT_VERSION = 1;
				DEVELOPMENT_ASSET_PATHS = "\"NetworkStubberDemo/Preview Content\"";
				DEVELOPMENT_TEAM = YY5Y5N88U4;
				ENABLE_HARDENED_RUNTIME = YES;
				ENABLE_PREVIEWS = YES;
				GENERATE_INFOPLIST_FILE = YES;
				"INFOPLIST_KEY_UIApplicationSceneManifest_Generation[sdk=iphoneos*]" = YES;
				"INFOPLIST_KEY_UIApplicationSceneManifest_Generation[sdk=iphonesimulator*]" = YES;
				"INFOPLIST_KEY_UIApplicationSupportsIndirectInputEvents[sdk=iphoneos*]" = YES;
				"INFOPLIST_KEY_UIApplicationSupportsIndirectInputEvents[sdk=iphonesimulator*]" = YES;
				"INFOPLIST_KEY_UILaunchScreen_Generation[sdk=iphoneos*]" = YES;
				"INFOPLIST_KEY_UILaunchScreen_Generation[sdk=iphonesimulator*]" = YES;
				"INFOPLIST_KEY_UIStatusBarStyle[sdk=iphoneos*]" = UIStatusBarStyleDefault;
				"INFOPLIST_KEY_UIStatusBarStyle[sdk=iphonesimulator*]" = UIStatusBarStyleDefault;
				INFOPLIST_KEY_UISupportedInterfaceOrientations_iPad = "UIInterfaceOrientationPortrait UIInterfaceOrientationPortraitUpsideDown UIInterfaceOrientationLandscapeLeft UIInterfaceOrientationLandscapeRight";
				INFOPLIST_KEY_UISupportedInterfaceOrientations_iPhone = "UIInterfaceOrientationPortrait UIInterfaceOrientationLandscapeLeft UIInterfaceOrientationLandscapeRight";
				IPHONEOS_DEPLOYMENT_TARGET = 18.2;
				LD_RUNPATH_SEARCH_PATHS = "@executable_path/Frameworks";
				"LD_RUNPATH_SEARCH_PATHS[sdk=macosx*]" = "@executable_path/../Frameworks";
				MACOSX_DEPLOYMENT_TARGET = 15.2;
				MARKETING_VERSION = 1.0;
				PRODUCT_BUNDLE_IDENTIFIER = "co.uk.blackMirrorz-stubber.NetworkStubberDemo";
				PRODUCT_NAME = "$(TARGET_NAME)";
				SDKROOT = auto;
				SUPPORTED_PLATFORMS = "iphoneos iphonesimulator macosx xros xrsimulator";
				SWIFT_EMIT_LOC_STRINGS = YES;
				SWIFT_VERSION = 5.0;
				TARGETED_DEVICE_FAMILY = "1,2,7";
				XROS_DEPLOYMENT_TARGET = 2.2;
			};
			name = Debug;
		};
		A7DA5C9B2D8C2C9C002294B4 /* Release */ = {
			isa = XCBuildConfiguration;
			buildSettings = {
				ASSETCATALOG_COMPILER_APPICON_NAME = AppIcon;
				ASSETCATALOG_COMPILER_GLOBAL_ACCENT_COLOR_NAME = AccentColor;
				CODE_SIGN_ENTITLEMENTS = NetworkStubberDemo/NetworkStubberDemo.entitlements;
				CODE_SIGN_STYLE = Automatic;
				CURRENT_PROJECT_VERSION = 1;
				DEVELOPMENT_ASSET_PATHS = "\"NetworkStubberDemo/Preview Content\"";
				DEVELOPMENT_TEAM = YY5Y5N88U4;
				ENABLE_HARDENED_RUNTIME = YES;
				ENABLE_PREVIEWS = YES;
				GENERATE_INFOPLIST_FILE = YES;
				"INFOPLIST_KEY_UIApplicationSceneManifest_Generation[sdk=iphoneos*]" = YES;
				"INFOPLIST_KEY_UIApplicationSceneManifest_Generation[sdk=iphonesimulator*]" = YES;
				"INFOPLIST_KEY_UIApplicationSupportsIndirectInputEvents[sdk=iphoneos*]" = YES;
				"INFOPLIST_KEY_UIApplicationSupportsIndirectInputEvents[sdk=iphonesimulator*]" = YES;
				"INFOPLIST_KEY_UILaunchScreen_Generation[sdk=iphoneos*]" = YES;
				"INFOPLIST_KEY_UILaunchScreen_Generation[sdk=iphonesimulator*]" = YES;
				"INFOPLIST_KEY_UIStatusBarStyle[sdk=iphoneos*]" = UIStatusBarStyleDefault;
				"INFOPLIST_KEY_UIStatusBarStyle[sdk=iphonesimulator*]" = UIStatusBarStyleDefault;
				INFOPLIST_KEY_UISupportedInterfaceOrientations_iPad = "UIInterfaceOrientationPortrait UIInterfaceOrientationPortraitUpsideDown UIInterfaceOrientationLandscapeLeft UIInterfaceOrientationLandscapeRight";
				INFOPLIST_KEY_UISupportedInterfaceOrientations_iPhone = "UIInterfaceOrientationPortrait UIInterfaceOrientationLandscapeLeft UIInterfaceOrientationLandscapeRight";
				IPHONEOS_DEPLOYMENT_TARGET = 18.2;
				LD_RUNPATH_SEARCH_PATHS = "@executable_path/Frameworks";
				"LD_RUNPATH_SEARCH_PATHS[sdk=macosx*]" = "@executable_path/../Frameworks";
				MACOSX_DEPLOYMENT_TARGET = 15.2;
				MARKETING_VERSION = 1.0;
				PRODUCT_BUNDLE_IDENTIFIER = "co.uk.blackMirrorz-stubber.NetworkStubberDemo";
				PRODUCT_NAME = "$(TARGET_NAME)";
				SDKROOT = auto;
				SUPPORTED_PLATFORMS = "iphoneos iphonesimulator macosx xros xrsimulator";
				SWIFT_EMIT_LOC_STRINGS = YES;
				SWIFT_VERSION = 5.0;
				TARGETED_DEVICE_FAMILY = "1,2,7";
				XROS_DEPLOYMENT_TARGET = 2.2;
			};
			name = Release;
		};
		A7DA5C9D2D8C2C9C002294B4 /* Debug */ = {
			isa = XCBuildConfiguration;
			buildSettings = {
				BUNDLE_LOADER = "$(TEST_HOST)";
				CODE_SIGN_STYLE = Automatic;
				CURRENT_PROJECT_VERSION = 1;
				DEVELOPMENT_TEAM = YY5Y5N88U4;
				GENERATE_INFOPLIST_FILE = YES;
				IPHONEOS_DEPLOYMENT_TARGET = 18.2;
				MACOSX_DEPLOYMENT_TARGET = 15.2;
				MARKETING_VERSION = 1.0;
				PRODUCT_BUNDLE_IDENTIFIER = "co.uk.blackMirrorz-stubber.NetworkStubberDemoTests";
				PRODUCT_NAME = "$(TARGET_NAME)";
				SDKROOT = auto;
				SUPPORTED_PLATFORMS = "iphoneos iphonesimulator macosx xros xrsimulator";
				SWIFT_EMIT_LOC_STRINGS = NO;
				SWIFT_VERSION = 5.0;
				TARGETED_DEVICE_FAMILY = "1,2,7";
				TEST_HOST = "$(BUILT_PRODUCTS_DIR)/NetworkStubberDemo.app/$(BUNDLE_EXECUTABLE_FOLDER_PATH)/NetworkStubberDemo";
				XROS_DEPLOYMENT_TARGET = 2.2;
			};
			name = Debug;
		};
		A7DA5C9E2D8C2C9C002294B4 /* Release */ = {
			isa = XCBuildConfiguration;
			buildSettings = {
				BUNDLE_LOADER = "$(TEST_HOST)";
				CODE_SIGN_STYLE = Automatic;
				CURRENT_PROJECT_VERSION = 1;
				DEVELOPMENT_TEAM = YY5Y5N88U4;
				GENERATE_INFOPLIST_FILE = YES;
				IPHONEOS_DEPLOYMENT_TARGET = 18.2;
				MACOSX_DEPLOYMENT_TARGET = 15.2;
				MARKETING_VERSION = 1.0;
				PRODUCT_BUNDLE_IDENTIFIER = "co.uk.blackMirrorz-stubber.NetworkStubberDemoTests";
				PRODUCT_NAME = "$(TARGET_NAME)";
				SDKROOT = auto;
				SUPPORTED_PLATFORMS = "iphoneos iphonesimulator macosx xros xrsimulator";
				SWIFT_EMIT_LOC_STRINGS = NO;
				SWIFT_VERSION = 5.0;
				TARGETED_DEVICE_FAMILY = "1,2,7";
				TEST_HOST = "$(BUILT_PRODUCTS_DIR)/NetworkStubberDemo.app/$(BUNDLE_EXECUTABLE_FOLDER_PATH)/NetworkStubberDemo";
				XROS_DEPLOYMENT_TARGET = 2.2;
			};
			name = Release;
		};
		A7DA5CA02D8C2C9C002294B4 /* Debug */ = {
			isa = XCBuildConfiguration;
			buildSettings = {
				CODE_SIGN_STYLE = Automatic;
				CURRENT_PROJECT_VERSION = 1;
				DEVELOPMENT_TEAM = YY5Y5N88U4;
				GENERATE_INFOPLIST_FILE = YES;
				IPHONEOS_DEPLOYMENT_TARGET = 18.2;
				MACOSX_DEPLOYMENT_TARGET = 15.2;
				MARKETING_VERSION = 1.0;
				PRODUCT_BUNDLE_IDENTIFIER = "co.uk.blackMirrorz-stubber.NetworkStubberDemoUITests";
				PRODUCT_NAME = "$(TARGET_NAME)";
				SDKROOT = auto;
				SUPPORTED_PLATFORMS = "iphoneos iphonesimulator macosx xros xrsimulator";
				SWIFT_EMIT_LOC_STRINGS = NO;
				SWIFT_VERSION = 5.0;
				TARGETED_DEVICE_FAMILY = "1,2,7";
				TEST_TARGET_NAME = NetworkStubberDemo;
				XROS_DEPLOYMENT_TARGET = 2.2;
			};
			name = Debug;
		};
		A7DA5CA12D8C2C9C002294B4 /* Release */ = {
			isa = XCBuildConfiguration;
			buildSettings = {
				CODE_SIGN_STYLE = Automatic;
				CURRENT_PROJECT_VERSION = 1;
				DEVELOPMENT_TEAM = YY5Y5N88U4;
				GENERATE_INFOPLIST_FILE = YES;
				IPHONEOS_DEPLOYMENT_TARGET = 18.2;
				MACOSX_DEPLOYMENT_TARGET = 15.2;
				MARKETING_VERSION = 1.0;
				PRODUCT_BUNDLE_IDENTIFIER = "co.uk.blackMirrorz-stubber.NetworkStubberDemoUITests";
				PRODUCT_NAME = "$(TARGET_NAME)";
				SDKROOT = auto;
				SUPPORTED_PLATFORMS = "iphoneos iphonesimulator macosx xros xrsimulator";
				SWIFT_EMIT_LOC_STRINGS = NO;
				SWIFT_VERSION = 5.0;
				TARGETED_DEVICE_FAMILY = "1,2,7";
				TEST_TARGET_NAME = NetworkStubberDemo;
				XROS_DEPLOYMENT_TARGET = 2.2;
			};
			name = Release;
		};
/* End XCBuildConfiguration section */

/* Begin XCConfigurationList section */
		A7DA5C6F2D8C2C9B002294B4 /* Build configuration list for PBXProject "NetworkStubberDemo" */ = {
			isa = XCConfigurationList;
			buildConfigurations = (
				A7DA5C972D8C2C9C002294B4 /* Debug */,
				A7DA5C982D8C2C9C002294B4 /* Release */,
			);
			defaultConfigurationIsVisible = 0;
			defaultConfigurationName = Release;
		};
		A7DA5C992D8C2C9C002294B4 /* Build configuration list for PBXNativeTarget "NetworkStubberDemo" */ = {
			isa = XCConfigurationList;
			buildConfigurations = (
				A7DA5C9A2D8C2C9C002294B4 /* Debug */,
				A7DA5C9B2D8C2C9C002294B4 /* Release */,
			);
			defaultConfigurationIsVisible = 0;
			defaultConfigurationName = Release;
		};
		A7DA5C9C2D8C2C9C002294B4 /* Build configuration list for PBXNativeTarget "NetworkStubberDemoTests" */ = {
			isa = XCConfigurationList;
			buildConfigurations = (
				A7DA5C9D2D8C2C9C002294B4 /* Debug */,
				A7DA5C9E2D8C2C9C002294B4 /* Release */,
			);
			defaultConfigurationIsVisible = 0;
			defaultConfigurationName = Release;
		};
		A7DA5C9F2D8C2C9C002294B4 /* Build configuration list for PBXNativeTarget "NetworkStubberDemoUITests" */ = {
			isa = XCConfigurationList;
			buildConfigurations = (
				A7DA5CA02D8C2C9C002294B4 /* Debug */,
				A7DA5CA12D8C2C9C002294B4 /* Release */,
			);
			defaultConfigurationIsVisible = 0;
			defaultConfigurationName = Release;
		};
/* End XCConfigurationList section */

/* Begin XCRemoteSwiftPackageReference section */
		A7DA5CA22D8C2CEA002294B4 /* XCRemoteSwiftPackageReference "NetworkStubber" */ = {
			isa = XCRemoteSwiftPackageReference;
			repositoryURL = "https://github.com/BlackMirrorz/NetworkStubber";
			requirement = {
				branch = feature/UITestHelpers;
				kind = branch;
			};
		};
/* End XCRemoteSwiftPackageReference section */

/* Begin XCSwiftPackageProductDependency section */
		A7DA5CA32D8C2CEA002294B4 /* NetworkStubberPackage */ = {
			isa = XCSwiftPackageProductDependency;
			package = A7DA5CA22D8C2CEA002294B4 /* XCRemoteSwiftPackageReference "NetworkStubber" */;
			productName = NetworkStubberPackage;
		};
		A7DA5CA62D8C2D58002294B4 /* NetworkStubberPackage */ = {
			isa = XCSwiftPackageProductDependency;
			package = A7DA5CA22D8C2CEA002294B4 /* XCRemoteSwiftPackageReference "NetworkStubber" */;
			productName = NetworkStubberPackage;
		};
/* End XCSwiftPackageProductDependency section */
	};
	rootObject = A7DA5C6C2D8C2C9B002294B4 /* Project object */;
}
